
Microsoft Visual Studio Solution File, Format Version 12.00
# Visual Studio 15
VisualStudioVersion = 15.0.28307.421
MinimumVisualStudioVersion = 10.0.40219.1
Project("{FAE04EC0-301F-11D3-BF4B-00C04F79EFBC}") = "AuthorizationWithRequirement", "AuthorizationWithRequirement\AuthorizationWithRequirement.csproj", "{FFAB0374-C566-4B65-A4FB-8EA733A904C3}"
EndProject
Global
	GlobalSection(SolutionConfigurationPlatforms) = preSolution
		Debug|Any CPU = Debug|Any CPU
		Release|Any CPU = Release|Any CPU
	EndGlobalSection
	GlobalSection(ProjectConfigurationPlatforms) = postSolution
		{FFAB0374-C566-4B65-A4FB-8EA733A904C3}.Debug|Any CPU.ActiveCfg = Debug|Any CPU
		{FFAB0374-C566-4B65-A4FB-8EA733A904C3}.Debug|Any CPU.Build.0 = Debug|Any CPU
		{FFAB0374-C566-4B65-A4FB-8EA733A904C3}.Release|Any CPU.ActiveCfg = Release|Any CPU
		{FFAB0374-C566-4B65-A4FB-8EA733A904C3}.Release|Any CPU.Build.0 = Release|Any CPU
	EndGlobalSection
	GlobalSection(SolutionProperties) = preSolution
		HideSolutionNode = FALSE
	EndGlobalSection
	GlobalSection(ExtensibilityGlobals) = postSolution
		SolutionGuid = {FB27CC89-A5A8-4470-A195-C81ADED12A07}
	EndGlobalSection
EndGlobal
